
Microsoft Visual Studio Solution File, Format Version 12.00
# Visual Studio Version 17
VisualStudioVersion = 17.3.32901.215
MinimumVisualStudioVersion = 10.0.40219.1
Project("{FAE04EC0-301F-11D3-BF4B-00C04F79EFBC}") = "DesktopApp", "DesktopApp\DesktopApp.csproj", "{2E039451-2169-49F3-A076-FD3C7938E13B}"
EndProject
Global
	GlobalSection(SolutionConfigurationPlatforms) = preSolution
		Debug|Any CPU = Debug|Any CPU
		Release|Any CPU = Release|Any CPU
	EndGlobalSection
	GlobalSection(ProjectConfigurationPlatforms) = postSolution
		{2E039451-2169-49F3-A076-FD3C7938E13B}.Debug|Any CPU.ActiveCfg = Debug|Any CPU
		{2E039451-2169-49F3-A076-FD3C7938E13B}.Debug|Any CPU.Build.0 = Debug|Any CPU
		{2E039451-2169-49F3-A076-FD3C7938E13B}.Release|Any CPU.ActiveCfg = Release|Any CPU
		{2E039451-2169-49F3-A076-FD3C7938E13B}.Release|Any CPU.Build.0 = Release|Any CPU
	EndGlobalSection
	GlobalSection(SolutionProperties) = preSolution
		HideSolutionNode = FALSE
	EndGlobalSection
	GlobalSection(ExtensibilityGlobals) = postSolution
		SolutionGuid = {8AA6EEF5-3C47-4059-B6E6-E81C1601752A}
	EndGlobalSection
EndGlobal
